// !$*UTF8*$!
{
	archiveVersion = 1;
	classes = {
	};
	objectVersion = 46;
	objects = {

/* Begin PBXBuildFile section */
		702047021C3E8DAC004487FE /* Bridge.js in Resources */ = {isa = PBXBuildFile; fileRef = 702047011C3E8DAC004487FE /* Bridge.js */; };
		702047041C3EC8D8004487FE /* Reachability.swift in Sources */ = {isa = PBXBuildFile; fileRef = 702047031C3EC8D8004487FE /* Reachability.swift */; };
		702047061C3ED6B9004487FE /* Config.swift in Sources */ = {isa = PBXBuildFile; fileRef = 702047051C3ED6B9004487FE /* Config.swift */; };
		702CC1CC1C3D61CA0088BF34 /* AppDelegate.swift in Sources */ = {isa = PBXBuildFile; fileRef = 702CC1CB1C3D61CA0088BF34 /* AppDelegate.swift */; };
		702CC1CE1C3D61CA0088BF34 /* ViewController.swift in Sources */ = {isa = PBXBuildFile; fileRef = 702CC1CD1C3D61CA0088BF34 /* ViewController.swift */; };
		702CC1D11C3D61CA0088BF34 /* Main.storyboard in Resources */ = {isa = PBXBuildFile; fileRef = 702CC1CF1C3D61CA0088BF34 /* Main.storyboard */; };
		702CC1D31C3D61CA0088BF34 /* Assets.xcassets in Resources */ = {isa = PBXBuildFile; fileRef = 702CC1D21C3D61CA0088BF34 /* Assets.xcassets */; };
		702CC1D61C3D61CA0088BF34 /* LaunchScreen.storyboard in Resources */ = {isa = PBXBuildFile; fileRef = 702CC1D41C3D61CA0088BF34 /* LaunchScreen.storyboard */; };
		7042C3901C43B0BD0060C76A /* Global.swift in Sources */ = {isa = PBXBuildFile; fileRef = 7042C38F1C43B0BD0060C76A /* Global.swift */; };
/* End PBXBuildFile section */

/* Begin PBXFileReference section */
		702047011C3E8DAC004487FE /* Bridge.js */ = {isa = PBXFileReference; fileEncoding = 4; lastKnownFileType = sourcecode.javascript; path = Bridge.js; sourceTree = "<group>"; };
		702047031C3EC8D8004487FE /* Reachability.swift */ = {isa = PBXFileReference; fileEncoding = 4; lastKnownFileType = sourcecode.swift; path = Reachability.swift; sourceTree = "<group>"; };
		702047051C3ED6B9004487FE /* Config.swift */ = {isa = PBXFileReference; fileEncoding = 4; lastKnownFileType = sourcecode.swift; path = Config.swift; sourceTree = "<group>"; };
		702CC1C81C3D61CA0088BF34 /* Start.app */ = {isa = PBXFileReference; explicitFileType = wrapper.application; includeInIndex = 0; path = Start.app; sourceTree = BUILT_PRODUCTS_DIR; };
		702CC1CB1C3D61CA0088BF34 /* AppDelegate.swift */ = {isa = PBXFileReference; lastKnownFileType = sourcecode.swift; path = AppDelegate.swift; sourceTree = "<group>"; };
		702CC1CD1C3D61CA0088BF34 /* ViewController.swift */ = {isa = PBXFileReference; lastKnownFileType = sourcecode.swift; path = ViewController.swift; sourceTree = "<group>"; };
		702CC1D01C3D61CA0088BF34 /* Base */ = {isa = PBXFileReference; lastKnownFileType = file.storyboard; name = Base; path = Base.lproj/Main.storyboard; sourceTree = "<group>"; };
		702CC1D21C3D61CA0088BF34 /* Assets.xcassets */ = {isa = PBXFileReference; lastKnownFileType = folder.assetcatalog; path = Assets.xcassets; sourceTree = "<group>"; };
		702CC1D51C3D61CA0088BF34 /* Base */ = {isa = PBXFileReference; lastKnownFileType = file.storyboard; name = Base; path = Base.lproj/LaunchScreen.storyboard; sourceTree = "<group>"; };
		702CC1D71C3D61CA0088BF34 /* Info.plist */ = {isa = PBXFileReference; lastKnownFileType = text.plist.xml; path = Info.plist; sourceTree = "<group>"; };
		7042C38F1C43B0BD0060C76A /* Global.swift */ = {isa = PBXFileReference; fileEncoding = 4; lastKnownFileType = sourcecode.swift; path = Global.swift; sourceTree = "<group>"; };
/* End PBXFileReference section */

/* Begin PBXFrameworksBuildPhase section */
		702CC1C51C3D61CA0088BF34 /* Frameworks */ = {
			isa = PBXFrameworksBuildPhase;
			buildActionMask = 2147483647;
			files = (
			);
			runOnlyForDeploymentPostprocessing = 0;
		};
/* End PBXFrameworksBuildPhase section */

/* Begin PBXGroup section */
		702CC1BF1C3D61CA0088BF34 = {
			isa = PBXGroup;
			children = (
				702CC1CA1C3D61CA0088BF34 /* Start */,
				702CC1C91C3D61CA0088BF34 /* Products */,
			);
			sourceTree = "<group>";
		};
		702CC1C91C3D61CA0088BF34 /* Products */ = {
			isa = PBXGroup;
			children = (
				702CC1C81C3D61CA0088BF34 /* Start.app */,
			);
			name = Products;
			sourceTree = "<group>";
		};
		702CC1CA1C3D61CA0088BF34 /* Start */ = {
			isa = PBXGroup;
			children = (
				702047031C3EC8D8004487FE /* Reachability.swift */,
				702CC1CB1C3D61CA0088BF34 /* AppDelegate.swift */,
				702CC1CD1C3D61CA0088BF34 /* ViewController.swift */,
				702047051C3ED6B9004487FE /* Config.swift */,
				702CC1CF1C3D61CA0088BF34 /* Main.storyboard */,
				702CC1D21C3D61CA0088BF34 /* Assets.xcassets */,
				702CC1D41C3D61CA0088BF34 /* LaunchScreen.storyboard */,
				702CC1D71C3D61CA0088BF34 /* Info.plist */,
				702047011C3E8DAC004487FE /* Bridge.js */,
				7042C38F1C43B0BD0060C76A /* Global.swift */,
			);
			path = Start;
			sourceTree = "<group>";
		};
/* End PBXGroup section */

/* Begin PBXNativeTarget section */
		702CC1C71C3D61CA0088BF34 /* Start */ = {
			isa = PBXNativeTarget;
			buildConfigurationList = 702CC1DA1C3D61CA0088BF34 /* Build configuration list for PBXNativeTarget "Start" */;
			buildPhases = (
				702CC1C41C3D61CA0088BF34 /* Sources */,
				702CC1C51C3D61CA0088BF34 /* Frameworks */,
				702CC1C61C3D61CA0088BF34 /* Resources */,
			);
			buildRules = (
			);
			dependencies = (
			);
			name = Start;
			productName = Start;
			productReference = 702CC1C81C3D61CA0088BF34 /* Start.app */;
			productType = "com.apple.product-type.application";
		};
/* End PBXNativeTarget section */

/* Begin PBXProject section */
		702CC1C01C3D61CA0088BF34 /* Project object */ = {
			isa = PBXProject;
			attributes = {
				LastSwiftUpdateCheck = 0720;
				LastUpgradeCheck = 0720;
				ORGANIZATIONNAME = "University of Warwick";
				TargetAttributes = {
					702CC1C71C3D61CA0088BF34 = {
						CreatedOnToolsVersion = 7.2;
						DevelopmentTeam = F49ADCXC5P;
						SystemCapabilities = {
							com.apple.Push = {
								enabled = 1;
							};
						};
					};
				};
			};
			buildConfigurationList = 702CC1C31C3D61CA0088BF34 /* Build configuration list for PBXProject "Start" */;
			compatibilityVersion = "Xcode 3.2";
			developmentRegion = English;
			hasScannedForEncodings = 0;
			knownRegions = (
				en,
				Base,
			);
			mainGroup = 702CC1BF1C3D61CA0088BF34;
			productRefGroup = 702CC1C91C3D61CA0088BF34 /* Products */;
			projectDirPath = "";
			projectRoot = "";
			targets = (
				702CC1C71C3D61CA0088BF34 /* Start */,
			);
		};
/* End PBXProject section */

/* Begin PBXResourcesBuildPhase section */
		702CC1C61C3D61CA0088BF34 /* Resources */ = {
			isa = PBXResourcesBuildPhase;
			buildActionMask = 2147483647;
			files = (
				702CC1D61C3D61CA0088BF34 /* LaunchScreen.storyboard in Resources */,
				702047021C3E8DAC004487FE /* Bridge.js in Resources */,
				702CC1D31C3D61CA0088BF34 /* Assets.xcassets in Resources */,
				702CC1D11C3D61CA0088BF34 /* Main.storyboard in Resources */,
			);
			runOnlyForDeploymentPostprocessing = 0;
		};
/* End PBXResourcesBuildPhase section */

/* Begin PBXSourcesBuildPhase section */
		702CC1C41C3D61CA0088BF34 /* Sources */ = {
			isa = PBXSourcesBuildPhase;
			buildActionMask = 2147483647;
			files = (
				702CC1CE1C3D61CA0088BF34 /* ViewController.swift in Sources */,
				702047061C3ED6B9004487FE /* Config.swift in Sources */,
				702CC1CC1C3D61CA0088BF34 /* AppDelegate.swift in Sources */,
				7042C3901C43B0BD0060C76A /* Global.swift in Sources */,
				702047041C3EC8D8004487FE /* Reachability.swift in Sources */,
			);
			runOnlyForDeploymentPostprocessing = 0;
		};
/* End PBXSourcesBuildPhase section */

/* Begin PBXVariantGroup section */
		702CC1CF1C3D61CA0088BF34 /* Main.storyboard */ = {
			isa = PBXVariantGroup;
			children = (
				702CC1D01C3D61CA0088BF34 /* Base */,
			);
			name = Main.storyboard;
			sourceTree = "<group>";
		};
		702CC1D41C3D61CA0088BF34 /* LaunchScreen.storyboard */ = {
			isa = PBXVariantGroup;
			children = (
				702CC1D51C3D61CA0088BF34 /* Base */,
			);
			name = LaunchScreen.storyboard;
			sourceTree = "<group>";
		};
/* End PBXVariantGroup section */

/* Begin XCBuildConfiguration section */
		702CC1D81C3D61CA0088BF34 /* Debug */ = {
			isa = XCBuildConfiguration;
			buildSettings = {
				ALWAYS_SEARCH_USER_PATHS = NO;
				CLANG_CXX_LANGUAGE_STANDARD = "gnu++0x";
				CLANG_CXX_LIBRARY = "libc++";
				CLANG_ENABLE_MODULES = YES;
				CLANG_ENABLE_OBJC_ARC = YES;
				CLANG_WARN_BOOL_CONVERSION = YES;
				CLANG_WARN_CONSTANT_CONVERSION = YES;
				CLANG_WARN_DIRECT_OBJC_ISA_USAGE = YES_ERROR;
				CLANG_WARN_EMPTY_BODY = YES;
				CLANG_WARN_ENUM_CONVERSION = YES;
				CLANG_WARN_INT_CONVERSION = YES;
				CLANG_WARN_OBJC_ROOT_CLASS = YES_ERROR;
				CLANG_WARN_UNREACHABLE_CODE = YES;
				CLANG_WARN__DUPLICATE_METHOD_MATCH = YES;
				"CODE_SIGN_IDENTITY[sdk=iphoneos*]" = "iPhone Developer";
				COPY_PHASE_STRIP = NO;
				DEBUG_INFORMATION_FORMAT = dwarf;
				ENABLE_STRICT_OBJC_MSGSEND = YES;
				ENABLE_TESTABILITY = YES;
				GCC_C_LANGUAGE_STANDARD = gnu99;
				GCC_DYNAMIC_NO_PIC = NO;
				GCC_NO_COMMON_BLOCKS = YES;
				GCC_OPTIMIZATION_LEVEL = 0;
				GCC_PREPROCESSOR_DEFINITIONS = (
					"DEBUG=1",
					"$(inherited)",
				);
				GCC_WARN_64_TO_32_BIT_CONVERSION = YES;
				GCC_WARN_ABOUT_RETURN_TYPE = YES_ERROR;
				GCC_WARN_UNDECLARED_SELECTOR = YES;
				GCC_WARN_UNINITIALIZED_AUTOS = YES_AGGRESSIVE;
				GCC_WARN_UNUSED_FUNCTION = YES;
				GCC_WARN_UNUSED_VARIABLE = YES;
				IPHONEOS_DEPLOYMENT_TARGET = 9.2;
				MTL_ENABLE_DEBUG_INFO = YES;
				ONLY_ACTIVE_ARCH = YES;
				SDKROOT = iphoneos;
				SWIFT_OPTIMIZATION_LEVEL = "-Onone";
				TARGETED_DEVICE_FAMILY = "1,2";
			};
			name = Debug;
		};
		702CC1D91C3D61CA0088BF34 /* Release */ = {
			isa = XCBuildConfiguration;
			buildSettings = {
				ALWAYS_SEARCH_USER_PATHS = NO;
				CLANG_CXX_LANGUAGE_STANDARD = "gnu++0x";
				CLANG_CXX_LIBRARY = "libc++";
				CLANG_ENABLE_MODULES = YES;
				CLANG_ENABLE_OBJC_ARC = YES;
				CLANG_WARN_BOOL_CONVERSION = YES;
				CLANG_WARN_CONSTANT_CONVERSION = YES;
				CLANG_WARN_DIRECT_OBJC_ISA_USAGE = YES_ERROR;
				CLANG_WARN_EMPTY_BODY = YES;
				CLANG_WARN_ENUM_CONVERSION = YES;
				CLANG_WARN_INT_CONVERSION = YES;
				CLANG_WARN_OBJC_ROOT_CLASS = YES_ERROR;
				CLANG_WARN_UNREACHABLE_CODE = YES;
				CLANG_WARN__DUPLICATE_METHOD_MATCH = YES;
				"CODE_SIGN_IDENTITY[sdk=iphoneos*]" = "iPhone Developer";
				COPY_PHASE_STRIP = NO;
				DEBUG_INFORMATION_FORMAT = "dwarf-with-dsym";
				ENABLE_NS_ASSERTIONS = NO;
				ENABLE_STRICT_OBJC_MSGSEND = YES;
				GCC_C_LANGUAGE_STANDARD = gnu99;
				GCC_NO_COMMON_BLOCKS = YES;
				GCC_WARN_64_TO_32_BIT_CONVERSION = YES;
				GCC_WARN_ABOUT_RETURN_TYPE = YES_ERROR;
				GCC_WARN_UNDECLARED_SELECTOR = YES;
				GCC_WARN_UNINITIALIZED_AUTOS = YES_AGGRESSIVE;
				GCC_WARN_UNUSED_FUNCTION = YES;
				GCC_WARN_UNUSED_VARIABLE = YES;
				IPHONEOS_DEPLOYMENT_TARGET = 9.2;
				MTL_ENABLE_DEBUG_INFO = NO;
				SDKROOT = iphoneos;
				TARGETED_DEVICE_FAMILY = "1,2";
				VALIDATE_PRODUCT = YES;
			};
			name = Release;
		};
		702CC1DB1C3D61CA0088BF34 /* Debug */ = {
			isa = XCBuildConfiguration;
			buildSettings = {
				ASSETCATALOG_COMPILER_APPICON_NAME = AppIcon;
				CODE_SIGN_IDENTITY = "iPhone Developer";
				INFOPLIST_FILE = Start/Info.plist;
				LD_RUNPATH_SEARCH_PATHS = "$(inherited) @executable_path/Frameworks";
				PRODUCT_BUNDLE_IDENTIFIER = uk.ac.warwick.newstart;
				PRODUCT_NAME = "$(TARGET_NAME)";
			};
			name = Debug;
		};
		702CC1DC1C3D61CA0088BF34 /* Release */ = {
			isa = XCBuildConfiguration;
			buildSettings = {
				ASSETCATALOG_COMPILER_APPICON_NAME = AppIcon;
				CODE_SIGN_IDENTITY = "iPhone Developer";
				INFOPLIST_FILE = Start/Info.plist;
				LD_RUNPATH_SEARCH_PATHS = "$(inherited) @executable_path/Frameworks";
				PRODUCT_BUNDLE_IDENTIFIER = uk.ac.warwick.newstart;
				PRODUCT_NAME = "$(TARGET_NAME)";
			};
			name = Release;
		};
/* End XCBuildConfiguration section */

/* Begin XCConfigurationList section */
		702CC1C31C3D61CA0088BF34 /* Build configuration list for PBXProject "Start" */ = {
			isa = XCConfigurationList;
			buildConfigurations = (
				702CC1D81C3D61CA0088BF34 /* Debug */,
				702CC1D91C3D61CA0088BF34 /* Release */,
			);
			defaultConfigurationIsVisible = 0;
			defaultConfigurationName = Release;
		};
		702CC1DA1C3D61CA0088BF34 /* Build configuration list for PBXNativeTarget "Start" */ = {
			isa = XCConfigurationList;
			buildConfigurations = (
				702CC1DB1C3D61CA0088BF34 /* Debug */,
				702CC1DC1C3D61CA0088BF34 /* Release */,
			);
			defaultConfigurationIsVisible = 0;
			defaultConfigurationName = Release;
		};
/* End XCConfigurationList section */
	};
	rootObject = 702CC1C01C3D61CA0088BF34 /* Project object */;
}
